Microsoft Visual Studio Solution File, Format Version 12.00
# Visual Studio Version 17
VisualStudioVersion = 17.5.2.0
MinimumVisualStudioVersion = 10.0.40219.1
Project("{FAE04EC0-301F-11D3-BF4B-00C04F79EFBC}") = "FMove", "FMove.csproj", "{A9F0C151-4FA7-66F4-CDD2-A2F434A12689}"
EndProject
Global
	GlobalSection(SolutionConfigurationPlatforms) = preSolution
		Debug|Any CPU = Debug|Any CPU
		Release|Any CPU = Release|Any CPU
	EndGlobalSection
	GlobalSection(ProjectConfigurationPlatforms) = postSolution
		{A9F0C151-4FA7-66F4-CDD2-A2F434A12689}.Debug|Any CPU.ActiveCfg = Debug|Any CPU
		{A9F0C151-4FA7-66F4-CDD2-A2F434A12689}.Debug|Any CPU.Build.0 = Debug|Any CPU
		{A9F0C151-4FA7-66F4-CDD2-A2F434A12689}.Release|Any CPU.ActiveCfg = Release|Any CPU
		{A9F0C151-4FA7-66F4-CDD2-A2F434A12689}.Release|Any CPU.Build.0 = Release|Any CPU
	EndGlobalSection
	GlobalSection(SolutionProperties) = preSolution
		HideSolutionNode = FALSE
	EndGlobalSection
	GlobalSection(ExtensibilityGlobals) = postSolution
		SolutionGuid = {6E32FEFD-0869-470D-9039-007F7F1FF787}
	EndGlobalSection
EndGlobal
